// !$*UTF8*$!
{
	archiveVersion = 1;
	classes = {
	};
	objectVersion = 55;
	objects = {

/* Begin PBXBuildFile section */
		BDB6B0A928A40A8E006BC3AD /* PracticeApp.swift in Sources */ = {isa = PBXBuildFile; fileRef = BDB6B0A828A40A8E006BC3AD /* PracticeApp.swift */; };
		BDB6B0AB28A40A8E006BC3AD /* ContentView.swift in Sources */ = {isa = PBXBuildFile; fileRef = BDB6B0AA28A40A8E006BC3AD /* ContentView.swift */; };
		BDB6B0AD28A40A8E006BC3AD /* Assets.xcassets in Resources */ = {isa = PBXBuildFile; fileRef = BDB6B0AC28A40A8E006BC3AD /* Assets.xcassets */; };
		BDB6B0B028A40A8E006BC3AD /* Preview Assets.xcassets in Resources */ = {isa = PBXBuildFile; fileRef = BDB6B0AF28A40A8E006BC3AD /* Preview Assets.xcassets */; };
		BDB6B0BA28A40A8F006BC3AD /* PracticeTests.swift in Sources */ = {isa = PBXBuildFile; fileRef = BDB6B0B928A40A8F006BC3AD /* PracticeTests.swift */; };
		BDB6B0C428A40A8F006BC3AD /* PracticeUITests.swift in Sources */ = {isa = PBXBuildFile; fileRef = BDB6B0C328A40A8F006BC3AD /* PracticeUITests.swift */; };
		BDB6B0C628A40A8F006BC3AD /* PracticeUITestsLaunchTests.swift in Sources */ = {isa = PBXBuildFile; fileRef = BDB6B0C528A40A8F006BC3AD /* PracticeUITestsLaunchTests.swift */; };
/* End PBXBuildFile section */

/* Begin PBXContainerItemProxy section */
		BDB6B0B628A40A8F006BC3AD /* PBXContainerItemProxy */ = {
			isa = PBXContainerItemProxy;
			containerPortal = BDB6B09D28A40A8E006BC3AD /* Project object */;
			proxyType = 1;
			remoteGlobalIDString = BDB6B0A428A40A8E006BC3AD;
			remoteInfo = Practice;
		};
		BDB6B0C028A40A8F006BC3AD /* PBXContainerItemProxy */ = {
			isa = PBXContainerItemProxy;
			containerPortal = BDB6B09D28A40A8E006BC3AD /* Project object */;
			proxyType = 1;
			remoteGlobalIDString = BDB6B0A428A40A8E006BC3AD;
			remoteInfo = Practice;
		};
/* End PBXContainerItemProxy section */

/* Begin PBXFileReference section */
		BDB6B0A528A40A8E006BC3AD /* Practice.app */ = {isa = PBXFileReference; explicitFileType = wrapper.application; includeInIndex = 0; path = Practice.app; sourceTree = BUILT_PRODUCTS_DIR; };
		BDB6B0A828A40A8E006BC3AD /* PracticeApp.swift */ = {isa = PBXFileReference; lastKnownFileType = sourcecode.swift; path = PracticeApp.swift; sourceTree = "<group>"; };
		BDB6B0AA28A40A8E006BC3AD /* ContentView.swift */ = {isa = PBXFileReference; lastKnownFileType = sourcecode.swift; path = ContentView.swift; sourceTree = "<group>"; };
		BDB6B0AC28A40A8E006BC3AD /* Assets.xcassets */ = {isa = PBXFileReference; lastKnownFileType = folder.assetcatalog; path = Assets.xcassets; sourceTree = "<group>"; };
		BDB6B0AF28A40A8E006BC3AD /* Preview Assets.xcassets */ = {isa = PBXFileReference; lastKnownFileType = folder.assetcatalog; path = "Preview Assets.xcassets"; sourceTree = "<group>"; };
		BDB6B0B528A40A8F006BC3AD /* PracticeTests.xctest */ = {isa = PBXFileReference; explicitFileType = wrapper.cfbundle; includeInIndex = 0; path = PracticeTests.xctest; sourceTree = BUILT_PRODUCTS_DIR; };
		BDB6B0B928A40A8F006BC3AD /* PracticeTests.swift */ = {isa = PBXFileReference; lastKnownFileType = sourcecode.swift; path = PracticeTests.swift; sourceTree = "<group>"; };
		BDB6B0BF28A40A8F006BC3AD /* PracticeUITests.xctest */ = {isa = PBXFileReference; explicitFileType = wrapper.cfbundle; includeInIndex = 0; path = PracticeUITests.xctest; sourceTree = BUILT_PRODUCTS_DIR; };
		BDB6B0C328A40A8F006BC3AD /* PracticeUITests.swift */ = {isa = PBXFileReference; lastKnownFileType = sourcecode.swift; path = PracticeUITests.swift; sourceTree = "<group>"; };
		BDB6B0C528A40A8F006BC3AD /* PracticeUITestsLaunchTests.swift */ = {isa = PBXFileReference; lastKnownFileType = sourcecode.swift; path = PracticeUITestsLaunchTests.swift; sourceTree = "<group>"; };
/* End PBXFileReference section */

/* Begin PBXFrameworksBuildPhase section */
		BDB6B0A228A40A8E006BC3AD /* Frameworks */ = {
			isa = PBXFrameworksBuildPhase;
			buildActionMask = 2147483647;
			files = (
			);
			runOnlyForDeploymentPostprocessing = 0;
		};
		BDB6B0B228A40A8F006BC3AD /* Frameworks */ = {
			isa = PBXFrameworksBuildPhase;
			buildActionMask = 2147483647;
			files = (
			);
			runOnlyForDeploymentPostprocessing = 0;
		};
		BDB6B0BC28A40A8F006BC3AD /* Frameworks */ = {
			isa = PBXFrameworksBuildPhase;
			buildActionMask = 2147483647;
			files = (
			);
			runOnlyForDeploymentPostprocessing = 0;
		};
/* End PBXFrameworksBuildPhase section */

/* Begin PBXGroup section */
		BDB6B09C28A40A8E006BC3AD = {
			isa = PBXGroup;
			children = (
				BDB6B0A728A40A8E006BC3AD /* Practice */,
				BDB6B0B828A40A8F006BC3AD /* PracticeTests */,
				BDB6B0C228A40A8F006BC3AD /* PracticeUITests */,
				BDB6B0A628A40A8E006BC3AD /* Products */,
			);
			sourceTree = "<group>";
		};
		BDB6B0A628A40A8E006BC3AD /* Products */ = {
			isa = PBXGroup;
			children = (
				BDB6B0A528A40A8E006BC3AD /* Practice.app */,
				BDB6B0B528A40A8F006BC3AD /* PracticeTests.xctest */,
				BDB6B0BF28A40A8F006BC3AD /* PracticeUITests.xctest */,
			);
			name = Products;
			sourceTree = "<group>";
		};
		BDB6B0A728A40A8E006BC3AD /* Practice */ = {
			isa = PBXGroup;
			children = (
				BDB6B0A828A40A8E006BC3AD /* PracticeApp.swift */,
				BDB6B0AA28A40A8E006BC3AD /* ContentView.swift */,
				BDB6B0AC28A40A8E006BC3AD /* Assets.xcassets */,
				BDB6B0AE28A40A8E006BC3AD /* Preview Content */,
			);
			path = Practice;
			sourceTree = "<group>";
		};
		BDB6B0AE28A40A8E006BC3AD /* Preview Content */ = {
			isa = PBXGroup;
			children = (
				BDB6B0AF28A40A8E006BC3AD /* Preview Assets.xcassets */,
			);
			path = "Preview Content";
			sourceTree = "<group>";
		};
		BDB6B0B828A40A8F006BC3AD /* PracticeTests */ = {
			isa = PBXGroup;
			children = (
				BDB6B0B928A40A8F006BC3AD /* PracticeTests.swift */,
			);
			path = PracticeTests;
			sourceTree = "<group>";
		};
		BDB6B0C228A40A8F006BC3AD /* PracticeUITests */ = {
			isa = PBXGroup;
			children = (
				BDB6B0C328A40A8F006BC3AD /* PracticeUITests.swift */,
				BDB6B0C528A40A8F006BC3AD /* PracticeUITestsLaunchTests.swift */,
			);
			path = PracticeUITests;
			sourceTree = "<group>";
		};
/* End PBXGroup section */

/* Begin PBXNativeTarget section */
		BDB6B0A428A40A8E006BC3AD /* Practice */ = {
			isa = PBXNativeTarget;
			buildConfigurationList = BDB6B0C928A40A8F006BC3AD /* Build configuration list for PBXNativeTarget "Practice" */;
			buildPhases = (
				BDB6B0A128A40A8E006BC3AD /* Sources */,
				BDB6B0A228A40A8E006BC3AD /* Frameworks */,
				BDB6B0A328A40A8E006BC3AD /* Resources */,
			);
			buildRules = (
			);
			dependencies = (
			);
			name = Practice;
			productName = Practice;
			productReference = BDB6B0A528A40A8E006BC3AD /* Practice.app */;
			productType = "com.apple.product-type.application";
		};
		BDB6B0B428A40A8F006BC3AD /* PracticeTests */ = {
			isa = PBXNativeTarget;
			buildConfigurationList = BDB6B0CC28A40A8F006BC3AD /* Build configuration list for PBXNativeTarget "PracticeTests" */;
			buildPhases = (
				BDB6B0B128A40A8F006BC3AD /* Sources */,
				BDB6B0B228A40A8F006BC3AD /* Frameworks */,
				BDB6B0B328A40A8F006BC3AD /* Resources */,
			);
			buildRules = (
			);
			dependencies = (
				BDB6B0B728A40A8F006BC3AD /* PBXTargetDependency */,
			);
			name = PracticeTests;
			productName = PracticeTests;
			productReference = BDB6B0B528A40A8F006BC3AD /* PracticeTests.xctest */;
			productType = "com.apple.product-type.bundle.unit-test";
		};
		BDB6B0BE28A40A8F006BC3AD /* PracticeUITests */ = {
			isa = PBXNativeTarget;
			buildConfigurationList = BDB6B0CF28A40A8F006BC3AD /* Build configuration list for PBXNativeTarget "PracticeUITests" */;
			buildPhases = (
				BDB6B0BB28A40A8F006BC3AD /* Sources */,
				BDB6B0BC28A40A8F006BC3AD /* Frameworks */,
				BDB6B0BD28A40A8F006BC3AD /* Resources */,
			);
			buildRules = (
			);
			dependencies = (
				BDB6B0C128A40A8F006BC3AD /* PBXTargetDependency */,
			);
			name = PracticeUITests;
			productName = PracticeUITests;
			productReference = BDB6B0BF28A40A8F006BC3AD /* PracticeUITests.xctest */;
			productType = "com.apple.product-type.bundle.ui-testing";
		};
/* End PBXNativeTarget section */

/* Begin PBXProject section */
		BDB6B09D28A40A8E006BC3AD /* Project object */ = {
			isa = PBXProject;
			attributes = {
				BuildIndependentTargetsInParallel = 1;
				LastSwiftUpdateCheck = 1340;
				LastUpgradeCheck = 1340;
				TargetAttributes = {
					BDB6B0A428A40A8E006BC3AD = {
						CreatedOnToolsVersion = 13.4.1;
					};
					BDB6B0B428A40A8F006BC3AD = {
						CreatedOnToolsVersion = 13.4.1;
						TestTargetID = BDB6B0A428A40A8E006BC3AD;
					};
					BDB6B0BE28A40A8F006BC3AD = {
						CreatedOnToolsVersion = 13.4.1;
						TestTargetID = BDB6B0A428A40A8E006BC3AD;
					};
				};
			};
			buildConfigurationList = BDB6B0A028A40A8E006BC3AD /* Build configuration list for PBXProject "Practice" */;
			compatibilityVersion = "Xcode 13.0";
			developmentRegion = en;
			hasScannedForEncodings = 0;
			knownRegions = (
				en,
				Base,
			);
			mainGroup = BDB6B09C28A40A8E006BC3AD;
			productRefGroup = BDB6B0A628A40A8E006BC3AD /* Products */;
			projectDirPath = "";
			projectRoot = "";
			targets = (
				BDB6B0A428A40A8E006BC3AD /* Practice */,
				BDB6B0B428A40A8F006BC3AD /* PracticeTests */,
				BDB6B0BE28A40A8F006BC3AD /* PracticeUITests */,
			);
		};
/* End PBXProject section */

/* Begin PBXResourcesBuildPhase section */
		BDB6B0A328A40A8E006BC3AD /* Resources */ = {
			isa = PBXResourcesBuildPhase;
			buildActionMask = 2147483647;
			files = (
				BDB6B0B028A40A8E006BC3AD /* Preview Assets.xcassets in Resources */,
				BDB6B0AD28A40A8E006BC3AD /* Assets.xcassets in Resources */,
			);
			runOnlyForDeploymentPostprocessing = 0;
		};
		BDB6B0B328A40A8F006BC3AD /* Resources */ = {
			isa = PBXResourcesBuildPhase;
			buildActionMask = 2147483647;
			files = (
			);
			runOnlyForDeploymentPostprocessing = 0;
		};
		BDB6B0BD28A40A8F006BC3AD /* Resources */ = {
			isa = PBXResourcesBuildPhase;
			buildActionMask = 2147483647;
			files = (
			);
			runOnlyForDeploymentPostprocessing = 0;
		};
/* End PBXResourcesBuildPhase section */

/* Begin PBXSourcesBuildPhase section */
		BDB6B0A128A40A8E006BC3AD /* Sources */ = {
			isa = PBXSourcesBuildPhase;
			buildActionMask = 2147483647;
			files = (
				BDB6B0AB28A40A8E006BC3AD /* ContentView.swift in Sources */,
				BDB6B0A928A40A8E006BC3AD /* PracticeApp.swift in Sources */,
			);
			runOnlyForDeploymentPostprocessing = 0;
		};
		BDB6B0B128A40A8F006BC3AD /* Sources */ = {
			isa = PBXSourcesBuildPhase;
			buildActionMask = 2147483647;
			files = (
				BDB6B0BA28A40A8F006BC3AD /* PracticeTests.swift in Sources */,
			);
			runOnlyForDeploymentPostprocessing = 0;
		};
		BDB6B0BB28A40A8F006BC3AD /* Sources */ = {
			isa = PBXSourcesBuildPhase;
			buildActionMask = 2147483647;
			files = (
				BDB6B0C628A40A8F006BC3AD /* PracticeUITestsLaunchTests.swift in Sources */,
				BDB6B0C428A40A8F006BC3AD /* PracticeUITests.swift in Sources */,
			);
			runOnlyForDeploymentPostprocessing = 0;
		};
/* End PBXSourcesBuildPhase section */

/* Begin PBXTargetDependency section */
		BDB6B0B728A40A8F006BC3AD /* PBXTargetDependency */ = {
			isa = PBXTargetDependency;
			target = BDB6B0A428A40A8E006BC3AD /* Practice */;
			targetProxy = BDB6B0B628A40A8F006BC3AD /* PBXContainerItemProxy */;
		};
		BDB6B0C128A40A8F006BC3AD /* PBXTargetDependency */ = {
			isa = PBXTargetDependency;
			target = BDB6B0A428A40A8E006BC3AD /* Practice */;
			targetProxy = BDB6B0C028A40A8F006BC3AD /* PBXContainerItemProxy */;
		};
/* End PBXTargetDependency section */

/* Begin XCBuildConfiguration section */
		BDB6B0C728A40A8F006BC3AD /* Debug */ = {
			isa = XCBuildConfiguration;
			buildSettings = {
				ALWAYS_SEARCH_USER_PATHS = NO;
				CLANG_ANALYZER_NONNULL = YES;
				CLANG_ANALYZER_NUMBER_OBJECT_CONVERSION = YES_AGGRESSIVE;
				CLANG_CXX_LANGUAGE_STANDARD = "gnu++17";
				CLANG_ENABLE_MODULES = YES;
				CLANG_ENABLE_OBJC_ARC = YES;
				CLANG_ENABLE_OBJC_WEAK = YES;
				CLANG_WARN_BLOCK_CAPTURE_AUTORELEASING = YES;
				CLANG_WARN_BOOL_CONVERSION = YES;
				CLANG_WARN_COMMA = YES;
				CLANG_WARN_CONSTANT_CONVERSION = YES;
				CLANG_WARN_DEPRECATED_OBJC_IMPLEMENTATIONS = YES;
				CLANG_WARN_DIRECT_OBJC_ISA_USAGE = YES_ERROR;
				CLANG_WARN_DOCUMENTATION_COMMENTS = YES;
				CLANG_WARN_EMPTY_BODY = YES;
				CLANG_WARN_ENUM_CONVERSION = YES;
				CLANG_WARN_INFINITE_RECURSION = YES;
				CLANG_WARN_INT_CONVERSION = YES;
				CLANG_WARN_NON_LITERAL_NULL_CONVERSION = YES;
				CLANG_WARN_OBJC_IMPLICIT_RETAIN_SELF = YES;
				CLANG_WARN_OBJC_LITERAL_CONVERSION = YES;
				CLANG_WARN_OBJC_ROOT_CLASS = YES_ERROR;
				CLANG_WARN_QUOTED_INCLUDE_IN_FRAMEWORK_HEADER = YES;
				CLANG_WARN_RANGE_LOOP_ANALYSIS = YES;
				CLANG_WARN_STRICT_PROTOTYPES = YES;
				CLANG_WARN_SUSPICIOUS_MOVE = YES;
				CLANG_WARN_UNGUARDED_AVAILABILITY = YES_AGGRESSIVE;
				CLANG_WARN_UNREACHABLE_CODE = YES;
				CLANG_WARN__DUPLICATE_METHOD_MATCH = YES;
				COPY_PHASE_STRIP = NO;
				DEBUG_INFORMATION_FORMAT = dwarf;
				ENABLE_STRICT_OBJC_MSGSEND = YES;
				ENABLE_TESTABILITY = YES;
				GCC_C_LANGUAGE_STANDARD = gnu11;
				GCC_DYNAMIC_NO_PIC = NO;
				GCC_NO_COMMON_BLOCKS = YES;
				GCC_OPTIMIZATION_LEVEL = 0;
				GCC_PREPROCESSOR_DEFINITIONS = (
					"DEBUG=1",
					"$(inherited)",
				);
				GCC_WARN_64_TO_32_BIT_CONVERSION = YES;
				GCC_WARN_ABOUT_RETURN_TYPE = YES_ERROR;
				GCC_WARN_UNDECLARED_SELECTOR = YES;
				GCC_WARN_UNINITIALIZED_AUTOS = YES_AGGRESSIVE;
				GCC_WARN_UNUSED_FUNCTION = YES;
				GCC_WARN_UNUSED_VARIABLE = YES;
				IPHONEOS_DEPLOYMENT_TARGET = 15.5;
				MTL_ENABLE_DEBUG_INFO = INCLUDE_SOURCE;
				MTL_FAST_MATH = YES;
				ONLY_ACTIVE_ARCH = YES;
				SDKROOT = iphoneos;
				SWIFT_ACTIVE_COMPILATION_CONDITIONS = DEBUG;
				SWIFT_OPTIMIZATION_LEVEL = "-Onone";
			};
			name = Debug;
		};
		BDB6B0C828A40A8F006BC3AD /* Release */ = {
			isa = XCBuildConfiguration;
			buildSettings = {
				ALWAYS_SEARCH_USER_PATHS = NO;
				CLANG_ANALYZER_NONNULL = YES;
				CLANG_ANALYZER_NUMBER_OBJECT_CONVERSION = YES_AGGRESSIVE;
				CLANG_CXX_LANGUAGE_STANDARD = "gnu++17";
				CLANG_ENABLE_MODULES = YES;
				CLANG_ENABLE_OBJC_ARC = YES;
				CLANG_ENABLE_OBJC_WEAK = YES;
				CLANG_WARN_BLOCK_CAPTURE_AUTORELEASING = YES;
				CLANG_WARN_BOOL_CONVERSION = YES;
				CLANG_WARN_COMMA = YES;
				CLANG_WARN_CONSTANT_CONVERSION = YES;
				CLANG_WARN_DEPRECATED_OBJC_IMPLEMENTATIONS = YES;
				CLANG_WARN_DIRECT_OBJC_ISA_USAGE = YES_ERROR;
				CLANG_WARN_DOCUMENTATION_COMMENTS = YES;
				CLANG_WARN_EMPTY_BODY = YES;
				CLANG_WARN_ENUM_CONVERSION = YES;
				CLANG_WARN_INFINITE_RECURSION = YES;
				CLANG_WARN_INT_CONVERSION = YES;
				CLANG_WARN_NON_LITERAL_NULL_CONVERSION = YES;
				CLANG_WARN_OBJC_IMPLICIT_RETAIN_SELF = YES;
				CLANG_WARN_OBJC_LITERAL_CONVERSION = YES;
				CLANG_WARN_OBJC_ROOT_CLASS = YES_ERROR;
				CLANG_WARN_QUOTED_INCLUDE_IN_FRAMEWORK_HEADER = YES;
				CLANG_WARN_RANGE_LOOP_ANALYSIS = YES;
				CLANG_WARN_STRICT_PROTOTYPES = YES;
				CLANG_WARN_SUSPICIOUS_MOVE = YES;
				CLANG_WARN_UNGUARDED_AVAILABILITY = YES_AGGRESSIVE;
				CLANG_WARN_UNREACHABLE_CODE = YES;
				CLANG_WARN__DUPLICATE_METHOD_MATCH = YES;
				COPY_PHASE_STRIP = NO;
				DEBUG_INFORMATION_FORMAT = "dwarf-with-dsym";
				ENABLE_NS_ASSERTIONS = NO;
				ENABLE_STRICT_OBJC_MSGSEND = YES;
				GCC_C_LANGUAGE_STANDARD = gnu11;
				GCC_NO_COMMON_BLOCKS = YES;
				GCC_WARN_64_TO_32_BIT_CONVERSION = YES;
				GCC_WARN_ABOUT_RETURN_TYPE = YES_ERROR;
				GCC_WARN_UNDECLARED_SELECTOR = YES;
				GCC_WARN_UNINITIALIZED_AUTOS = YES_AGGRESSIVE;
				GCC_WARN_UNUSED_FUNCTION = YES;
				GCC_WARN_UNUSED_VARIABLE = YES;
				IPHONEOS_DEPLOYMENT_TARGET = 15.5;
				MTL_ENABLE_DEBUG_INFO = NO;
				MTL_FAST_MATH = YES;
				SDKROOT = iphoneos;
				SWIFT_COMPILATION_MODE = wholemodule;
				SWIFT_OPTIMIZATION_LEVEL = "-O";
				VALIDATE_PRODUCT = YES;
			};
			name = Release;
		};
		BDB6B0CA28A40A8F006BC3AD /* Debug */ = {
			isa = XCBuildConfiguration;
			buildSettings = {
				ASSETCATALOG_COMPILER_APPICON_NAME = AppIcon;
				ASSETCATALOG_COMPILER_GLOBAL_ACCENT_COLOR_NAME = AccentColor;
				CODE_SIGN_STYLE = Automatic;
				CURRENT_PROJECT_VERSION = 1;
				DEVELOPMENT_ASSET_PATHS = "\"Practice/Preview Content\"";
				DEVELOPMENT_TEAM = BLNM7794BY;
				ENABLE_PREVIEWS = YES;
				GENERATE_INFOPLIST_FILE = YES;
				INFOPLIST_KEY_UIApplicationSceneManifest_Generation = YES;
				INFOPLIST_KEY_UIApplicationSupportsIndirectInputEvents = YES;
				INFOPLIST_KEY_UILaunchScreen_Generation = YES;
				INFOPLIST_KEY_UISupportedInterfaceOrientations_iPad = "UIInterfaceOrientationPortrait UIInterfaceOrientationPortraitUpsideDown UIInterfaceOrientationLandscapeLeft UIInterfaceOrientationLandscapeRight";
				INFOPLIST_KEY_UISupportedInterfaceOrientations_iPhone = "UIInterfaceOrientationPortrait UIInterfaceOrientationLandscapeLeft UIInterfaceOrientationLandscapeRight";
				LD_RUNPATH_SEARCH_PATHS = (
					"$(inherited)",
					"@executable_path/Frameworks",
				);
				MARKETING_VERSION = 1.0;
				PRODUCT_BUNDLE_IDENTIFIER = kwkanika.Practice;
				PRODUCT_NAME = "$(TARGET_NAME)";
				SWIFT_EMIT_LOC_STRINGS = YES;
				SWIFT_VERSION = 5.0;
				TARGETED_DEVICE_FAMILY = "1,2";
			};
			name = Debug;
		};
		BDB6B0CB28A40A8F006BC3AD /* Release */ = {
			isa = XCBuildConfiguration;
			buildSettings = {
				ASSETCATALOG_COMPILER_APPICON_NAME = AppIcon;
				ASSETCATALOG_COMPILER_GLOBAL_ACCENT_COLOR_NAME = AccentColor;
				CODE_SIGN_STYLE = Automatic;
				CURRENT_PROJECT_VERSION = 1;
				DEVELOPMENT_ASSET_PATHS = "\"Practice/Preview Content\"";
				DEVELOPMENT_TEAM = BLNM7794BY;
				ENABLE_PREVIEWS = YES;
				GENERATE_INFOPLIST_FILE = YES;
				INFOPLIST_KEY_UIApplicationSceneManifest_Generation = YES;
				INFOPLIST_KEY_UIApplicationSupportsIndirectInputEvents = YES;
				INFOPLIST_KEY_UILaunchScreen_Generation = YES;
				INFOPLIST_KEY_UISupportedInterfaceOrientations_iPad = "UIInterfaceOrientationPortrait UIInterfaceOrientationPortraitUpsideDown UIInterfaceOrientationLandscapeLeft UIInterfaceOrientationLandscapeRight";
				INFOPLIST_KEY_UISupportedInterfaceOrientations_iPhone = "UIInterfaceOrientationPortrait UIInterfaceOrientationLandscapeLeft UIInterfaceOrientationLandscapeRight";
				LD_RUNPATH_SEARCH_PATHS = (
					"$(inherited)",
					"@executable_path/Frameworks",
				);
				MARKETING_VERSION = 1.0;
				PRODUCT_BUNDLE_IDENTIFIER = kwkanika.Practice;
				PRODUCT_NAME = "$(TARGET_NAME)";
				SWIFT_EMIT_LOC_STRINGS = YES;
				SWIFT_VERSION = 5.0;
				TARGETED_DEVICE_FAMILY = "1,2";
			};
			name = Release;
		};
		BDB6B0CD28A40A8F006BC3AD /* Debug */ = {
			isa = XCBuildConfiguration;
			buildSettings = {
				ALWAYS_EMBED_SWIFT_STANDARD_LIBRARIES = YES;
				BUNDLE_LOADER = "$(TEST_HOST)";
				CODE_SIGN_STYLE = Automatic;
				CURRENT_PROJECT_VERSION = 1;
				DEVELOPMENT_TEAM = BLNM7794BY;
				GENERATE_INFOPLIST_FILE = YES;
				IPHONEOS_DEPLOYMENT_TARGET = 15.5;
				MARKETING_VERSION = 1.0;
				PRODUCT_BUNDLE_IDENTIFIER = kwkanika.PracticeTests;
				PRODUCT_NAME = "$(TARGET_NAME)";
				SWIFT_EMIT_LOC_STRINGS = NO;
				SWIFT_VERSION = 5.0;
				TARGETED_DEVICE_FAMILY = "1,2";
				TEST_HOST = "$(BUILT_PRODUCTS_DIR)/Practice.app/Practice";
			};
			name = Debug;
		};
		BDB6B0CE28A40A8F006BC3AD /* Release */ = {
			isa = XCBuildConfiguration;
			buildSettings = {
				ALWAYS_EMBED_SWIFT_STANDARD_LIBRARIES = YES;
				BUNDLE_LOADER = "$(TEST_HOST)";
				CODE_SIGN_STYLE = Automatic;
				CURRENT_PROJECT_VERSION = 1;
				DEVELOPMENT_TEAM = BLNM7794BY;
				GENERATE_INFOPLIST_FILE = YES;
				IPHONEOS_DEPLOYMENT_TARGET = 15.5;
				MARKETING_VERSION = 1.0;
				PRODUCT_BUNDLE_IDENTIFIER = kwkanika.PracticeTests;
				PRODUCT_NAME = "$(TARGET_NAME)";
				SWIFT_EMIT_LOC_STRINGS = NO;
				SWIFT_VERSION = 5.0;
				TARGETED_DEVICE_FAMILY = "1,2";
				TEST_HOST = "$(BUILT_PRODUCTS_DIR)/Practice.app/Practice";
			};
			name = Release;
		};
		BDB6B0D028A40A8F006BC3AD /* Debug */ = {
			isa = XCBuildConfiguration;
			buildSettings = {
				ALWAYS_EMBED_SWIFT_STANDARD_LIBRARIES = YES;
				CODE_SIGN_STYLE = Automatic;
				CURRENT_PROJECT_VERSION = 1;
				DEVELOPMENT_TEAM = BLNM7794BY;
				GENERATE_INFOPLIST_FILE = YES;
				MARKETING_VERSION = 1.0;
				PRODUCT_BUNDLE_IDENTIFIER = kwkanika.PracticeUITests;
				PRODUCT_NAME = "$(TARGET_NAME)";
				SWIFT_EMIT_LOC_STRINGS = NO;
				SWIFT_VERSION = 5.0;
				TARGETED_DEVICE_FAMILY = "1,2";
				TEST_TARGET_NAME = Practice;
			};
			name = Debug;
		};
		BDB6B0D128A40A8F006BC3AD /* Release */ = {
			isa = XCBuildConfiguration;
			buildSettings = {
				ALWAYS_EMBED_SWIFT_STANDARD_LIBRARIES = YES;
				CODE_SIGN_STYLE = Automatic;
				CURRENT_PROJECT_VERSION = 1;
				DEVELOPMENT_TEAM = BLNM7794BY;
				GENERATE_INFOPLIST_FILE = YES;
				MARKETING_VERSION = 1.0;
				PRODUCT_BUNDLE_IDENTIFIER = kwkanika.PracticeUITests;
				PRODUCT_NAME = "$(TARGET_NAME)";
				SWIFT_EMIT_LOC_STRINGS = NO;
				SWIFT_VERSION = 5.0;
				TARGETED_DEVICE_FAMILY = "1,2";
				TEST_TARGET_NAME = Practice;
			};
			name = Release;
		};
/* End XCBuildConfiguration section */

/* Begin XCConfigurationList section */
		BDB6B0A028A40A8E006BC3AD /* Build configuration list for PBXProject "Practice" */ = {
			isa = XCConfigurationList;
			buildConfigurations = (
				BDB6B0C728A40A8F006BC3AD /* Debug */,
				BDB6B0C828A40A8F006BC3AD /* Release */,
			);
			defaultConfigurationIsVisible = 0;
			defaultConfigurationName = Release;
		};
		BDB6B0C928A40A8F006BC3AD /* Build configuration list for PBXNativeTarget "Practice" */ = {
			isa = XCConfigurationList;
			buildConfigurations = (
				BDB6B0CA28A40A8F006BC3AD /* Debug */,
				BDB6B0CB28A40A8F006BC3AD /* Release */,
			);
			defaultConfigurationIsVisible = 0;
			defaultConfigurationName = Release;
		};
		BDB6B0CC28A40A8F006BC3AD /* Build configuration list for PBXNativeTarget "PracticeTests" */ = {
			isa = XCConfigurationList;
			buildConfigurations = (
				BDB6B0CD28A40A8F006BC3AD /* Debug */,
				BDB6B0CE28A40A8F006BC3AD /* Release */,
			);
			defaultConfigurationIsVisible = 0;
			defaultConfigurationName = Release;
		};
		BDB6B0CF28A40A8F006BC3AD /* Build configuration list for PBXNativeTarget "PracticeUITests" */ = {
			isa = XCConfigurationList;
			buildConfigurations = (
				BDB6B0D028A40A8F006BC3AD /* Debug */,
				BDB6B0D128A40A8F006BC3AD /* Release */,
			);
			defaultConfigurationIsVisible = 0;
			defaultConfigurationName = Release;
		};
/* End XCConfigurationList section */
	};
	rootObject = BDB6B09D28A40A8E006BC3AD /* Project object */;
}
